---
lockfileVersion: '9.0'

importers:

  .:
    configDependencies: {}
    packageManagerDependencies:
      '@pnpm/exe':
        specifier: 11.15.1
        version: 11.15.1
      pnpm:
        specifier: 11.15.1
        version: 11.15.1

packages:

  '@pnpm/exe@11.15.1':
    resolution: {integrity: sha512-+e+DQrUPtDqH+9blSre23l7od3P3lRy43HN8TOKHNvbtuTNDRQtqQ0seHk/kn7iJl+ZSKBALFrQXPvbItNgRwA==}
    hasBin: true

  '@pnpm/linux-arm64@11.15.1':
    resolution: {integrity: sha512-8QOTdBeklXcE/AY4cAR2RJ4809I38kLxtInAYW4sVDfQoWYjmEIoU/ZxpHsk78KM8VU0BehtOB+iZsMxSCyiLQ==}
    cpu: [arm64]
    os: [linux]

  '@pnpm/linux-x64@11.15.1':
    resolution: {integrity: sha512-hbhuC2Rh5Zw9ERUsQhOSLPnwfWSRTU6phtuFdK2I2raYCXa7v5C4i+XKTH+sKLPG5vJiKPyi4Hd62UECHZoy2w==}
    cpu: [x64]
    os: [linux]

  '@pnpm/linuxstatic-arm64@11.15.1':
    resolution: {integrity: sha512-xEL9kDvLXnNYAgQak9tfIhO/BaBf1R/1+/dzzntuquzSqrEaPs0x0P4qMmwq02hVBDfAGA2MAD4n9kmc6Q//tw==}
    cpu: [arm64]
    os: [linux]
    libc: [musl]

  '@pnpm/linuxstatic-x64@11.15.1':
    resolution: {integrity: sha512-SLJ4neJx649ri4qHdseQN6SnAy6nNFnsLGi7g+EH32cVux4aWX7tjMNTPHrUKJ6Oc7C6oPGXUpLmemEvAwCPOg==}
    cpu: [x64]
    os: [linux]
    libc: [musl]

  '@pnpm/macos-arm64@11.15.1':
    resolution: {integrity: sha512-GbIUQcDZgO/i1Ql38Pk269KNYpEbSCWYcSXBHgT62y8qVTrpEbmi+TKNaLVYuUkK0k/hMibySRa5GUs7/vnNyw==}
    cpu: [arm64]
    os: [darwin]

  '@pnpm/win-arm64@11.15.1':
    resolution: {integrity: sha512-pLlcpdtoaHJxVfhWahoQg5U7Mv9b6/X/8og+dY1GX1GvsZU3Wf7Y+LlA1sfxqoPcohtQdo6MdJkWiOZ3nIFMCQ==}
    cpu: [arm64]
    os: [win32]

  '@pnpm/win-x64@11.15.1':
    resolution: {integrity: sha512-gAvQjBOrNb8zHXRQawBfZRtjDWEFe6p9aSBi8uuMtWB4XAaj0+YuzstsR93llZ/UgP67oTkbkCOITBLayRVGGQ==}
    cpu: [x64]
    os: [win32]

  '@reflink/reflink-darwin-arm64@0.1.19':
    resolution: {integrity: sha512-ruy44Lpepdk1FqDz38vExBY/PVUsjxZA+chd9wozjUH9JjuDT/HEaQYA6wYN9mf041l0yLVar6BCZuWABJvHSA==}
    engines: {node: '>= 10'}
    cpu: [arm64]
    os: [darwin]

  '@reflink/reflink-darwin-x64@0.1.19':
    resolution: {integrity: sha512-By85MSWrMZa+c26TcnAy8SDk0sTUkYlNnwknSchkhHpGXOtjNDUOxJE9oByBnGbeuIE1PiQsxDG3Ud+IVV9yuA==}
    engines: {node: '>= 10'}
    cpu: [x64]
    os: [darwin]

  '@reflink/reflink-linux-arm64-gnu@0.1.19':
    resolution: {integrity: sha512-7P+er8+rP9iNeN+bfmccM4hTAaLP6PQJPKWSA4iSk2bNvo6KU6RyPgYeHxXmzNKzPVRcypZQTpFgstHam6maVg==}
    engines: {node: '>= 10'}
    cpu: [arm64]
    os: [linux]
    libc: [glibc]

  '@reflink/reflink-linux-arm64-musl@0.1.19':
    resolution: {integrity: sha512-37iO/Dp6m5DDaC2sf3zPtx/hl9FV3Xze4xoYidrxxS9bgP3S8ALroxRK6xBG/1TtfXKTvolvp+IjrUU6ujIGmA==}
    engines: {node: '>= 10'}
    cpu: [arm64]
    os: [linux]
    libc: [musl]

  '@reflink/reflink-linux-x64-gnu@0.1.19':
    resolution: {integrity: sha512-jbI8jvuYCaA3MVUdu8vLoLAFqC+iNMpiSuLbxlAgg7x3K5bsS8nOpTRnkLF7vISJ+rVR8W+7ThXlXlUQ93ulkw==}
    engines: {node: '>= 10'}
    cpu: [x64]
    os: [linux]
    libc: [glibc]

  '@reflink/reflink-linux-x64-musl@0.1.19':
    resolution: {integrity: sha512-e9FBWDe+lv7QKAwtKOt6A2W/fyy/aEEfr0g6j/hWzvQcrzHCsz07BNQYlNOjTfeytrtLU7k449H1PI95jA4OjQ==}
    engines: {node: '>= 10'}
    cpu: [x64]
    os: [linux]
    libc: [musl]

  '@reflink/reflink-win32-arm64-msvc@0.1.19':
    resolution: {integrity: sha512-09PxnVIQcd+UOn4WAW73WU6PXL7DwGS6wPlkMhMg2zlHHG65F3vHepOw06HFCq+N42qkaNAc8AKIabWvtk6cIQ==}
    engines: {node: '>= 10'}
    cpu: [arm64]
    os: [win32]

  '@reflink/reflink-win32-x64-msvc@0.1.19':
    resolution: {integrity: sha512-E//yT4ni2SyhwP8JRjVGWr3cbnhWDiPLgnQ66qqaanjjnMiu3O/2tjCPQXlcGc/DEYofpDc9fvhv6tALQsMV9w==}
    engines: {node: '>= 10'}
    cpu: [x64]
    os: [win32]

  '@reflink/reflink@0.1.19':
    resolution: {integrity: sha512-DmCG8GzysnCZ15bres3N5AHCmwBwYgp0As6xjhQ47rAUTUXxJiK+lLUxaGsX3hd/30qUpVElh05PbGuxRPgJwA==}
    engines: {node: '>= 10'}

  detect-libc@2.1.2:
    resolution: {integrity: sha512-Btj2BOOO83o3WyH59e8MgXsxEQVcarkUOpEYrubB0urwnN10yQ364rsiByU11nZlqWYZm05i/of7io4mzihBtQ==}
    engines: {node: '>=8'}

  pnpm@11.15.1:
    resolution: {integrity: sha512-gTULB+U8lTigLx8jA7QpD6LXvgTlbiqXDEzEtBfcdh3hlu2r1J1Vx9yVgNuBAHxEFD5OPX5GKzAA0jwlUSLQZQ==}
    engines: {node: '>=22.13'}
    hasBin: true

snapshots:

  '@pnpm/exe@11.15.1':
    dependencies:
      '@reflink/reflink': 0.1.19
      detect-libc: 2.1.2
    optionalDependencies:
      '@pnpm/linux-arm64': 11.15.1
      '@pnpm/linux-x64': 11.15.1
      '@pnpm/linuxstatic-arm64': 11.15.1
      '@pnpm/linuxstatic-x64': 11.15.1
      '@pnpm/macos-arm64': 11.15.1
      '@pnpm/win-arm64': 11.15.1
      '@pnpm/win-x64': 11.15.1

  '@pnpm/linux-arm64@11.15.1':
    optional: true

  '@pnpm/linux-x64@11.15.1':
    optional: true

  '@pnpm/linuxstatic-arm64@11.15.1':
    optional: true

  '@pnpm/linuxstatic-x64@11.15.1':
    optional: true

  '@pnpm/macos-arm64@11.15.1':
    optional: true

  '@pnpm/win-arm64@11.15.1':
    optional: true

  '@pnpm/win-x64@11.15.1':
    optional: true

  '@reflink/reflink-darwin-arm64@0.1.19':
    optional: true

  '@reflink/reflink-darwin-x64@0.1.19':
    optional: true

  '@reflink/reflink-linux-arm64-gnu@0.1.19':
    optional: true

  '@reflink/reflink-linux-arm64-musl@0.1.19':
    optional: true

  '@reflink/reflink-linux-x64-gnu@0.1.19':
    optional: true

  '@reflink/reflink-linux-x64-musl@0.1.19':
    optional: true

  '@reflink/reflink-win32-arm64-msvc@0.1.19':
    optional: true

  '@reflink/reflink-win32-x64-msvc@0.1.19':
    optional: true

  '@reflink/reflink@0.1.19':
    optionalDependencies:
      '@reflink/reflink-darwin-arm64': 0.1.19
      '@reflink/reflink-darwin-x64': 0.1.19
      '@reflink/reflink-linux-arm64-gnu': 0.1.19
      '@reflink/reflink-linux-arm64-musl': 0.1.19
      '@reflink/reflink-linux-x64-gnu': 0.1.19
      '@reflink/reflink-linux-x64-musl': 0.1.19
      '@reflink/reflink-win32-arm64-msvc': 0.1.19
      '@reflink/reflink-win32-x64-msvc': 0.1.19

  detect-libc@2.1.2: {}

  pnpm@11.15.1: {}

---
lockfileVersion: '9.0'

settings:
  autoInstallPeers: true
  excludeLinksFromLockfile: false

importers:

  .:
    devDependencies:
      conventional-changelog:
        specifier: 8.1.0
        version: 8.1.0(conventional-commits-filter@6.0.1)
      conventional-changelog-conventionalcommits:
        specifier: 10.2.1
        version: 10.2.1
      tree-sitter-cli:
        specifier: 0.26.11
        version: 0.26.11

packages:

  '@conventional-changelog/git-client@3.1.0':
    resolution: {integrity: sha512-Tqa/gHco2WJWa740NRjOrfKVvzIqxkZpecb8bemaQ8sKM5PXb1UK4uTyTb/1wIqNuOVaDOFxyBdhTIQZn6gdjQ==}
    engines: {node: '>=22'}
    peerDependencies:
      conventional-commits-filter: ^6.0.1
      conventional-commits-parser: ^7.0.1
    peerDependenciesMeta:
      conventional-commits-filter:
        optional: true
      conventional-commits-parser:
        optional: true

  '@conventional-changelog/template@1.2.1':
    resolution: {integrity: sha512-TzlTVpKPjaqW6qOYjQcYUDuGsLCNsvFHVBXkYGTAnf5V37jCWrE5haKNXzz0WZUtVHjrpV76L1buANjwXMfT8w==}
    engines: {node: '>=22'}

  '@simple-libs/child-process-utils@2.0.0':
    resolution: {integrity: sha512-dvNoRKLijXnD0XoJAz94pbNuB5GQgDr55UhpSPhffDkTT0Cmcqh9jSCOtwfT2d4H6MI9E7c4SgtMuJXZ6F3c6A==}
    engines: {node: '>=22'}

  '@simple-libs/hosted-git-info@2.0.0':
    resolution: {integrity: sha512-55XwK/GYgV58PuN8lZFhI1qRxdKoMLJocXl/yM1EPqazFDmM4QWY7q6BxPCPDNKTNunj794DSD4h0H7SrqUdMg==}
    engines: {node: '>=22'}

  '@simple-libs/normalize-package-data@1.0.0':
    resolution: {integrity: sha512-/EOmFBekV9tGee8gac/k+5Ox3twkypNqh5TfxA9vTkmcJkjm6f1xqrlstDNOrEhTvnYyVtU6Du2ZhY/IV1+9GA==}
    engines: {node: '>=22'}

  '@simple-libs/stream-utils@2.0.0':
    resolution: {integrity: sha512-fCTuZK4QBa+39Oz9l4OGfJfz+GpwCp3AqO7Zch3to99xHPgstVsRFpeQ8LNd2o1Gv8raL2mCFwiaHh7bFSp5DQ==}
    engines: {node: '>=22'}

  argue-cli@3.1.0:
    resolution: {integrity: sha512-DhBpBfXL4SS2uC0N922MMajKR3CdrTG0u2or1PNYgXMsrSzViJrbtvT0nCLlLGUI0plam/ZZCs7aAauHtW9thw==}
    engines: {node: '>=22'}

  conventional-changelog-conventionalcommits@10.2.1:
    resolution: {integrity: sha512-n4Kr1HFMTf3iMbES0TMxKIcYtUUv4rKqyQQp2JwfOEfFCOfGT3Tq4mCyJ8S9/YPyWhydjfKrrvnyl+gCjA+mJQ==}
    engines: {node: '>=22'}

  conventional-changelog-preset-loader@6.0.1:
    resolution: {integrity: sha512-GZ8E3RQzXQb3JFy0pKl8oeSf7ENIhvAMvJr+PlWkavZOesLHHdhkfNJ4SvW35eo1Fu2+EyVxWQ1tVvtzAG2iWg==}
    engines: {node: '>=22'}

  conventional-changelog-writer@9.2.0:
    resolution: {integrity: sha512-eACD5BaAQCYjeI3RExkCZopNaaIuXzCP4kaAb2lEFXcGa/KOuxJfj8v/SnjhvF6377pYn0A2Gji+6GhwUK8rEA==}
    engines: {node: '>=22'}
    hasBin: true

  conventional-changelog@8.1.0:
    resolution: {integrity: sha512-idt1JK+3+Nt7gqH/d/sEYWdDeR+5XPov/jssmFN6XxmYSRlonTWSDWhWUPkmm0zbwYjtVdt+4My5aiPkKyvocw==}
    engines: {node: '>=22'}
    hasBin: true

  conventional-commits-filter@6.0.1:
    resolution: {integrity: sha512-cs+LadpH7Kpw0M3k8wurk+sOVVDAENA0iK4OBOrkL94j5lEVYRJ4j3zd2bhY9qgzyrPqthdcYT3axzRN7AliMg==}
    engines: {node: '>=22'}

  conventional-commits-parser@7.1.0:
    resolution: {integrity: sha512-DPp6hkUjvwIivxbkrTiLXeRswNv1A/4GFA2X6scXma0AMa9632V3TwxmrlkUIEtUktiM3Ln+RrSH2xlP3/jUTw==}
    engines: {node: '>=22'}
    hasBin: true

  fd-package-json@2.0.0:
    resolution: {integrity: sha512-jKmm9YtsNXN789RS/0mSzOC1NUq9mkVd65vbSSVsKdjGvYXBuE4oWe2QOEoFeRmJg+lPuZxpmrfFclNhoRMneQ==}

  semver@7.8.5:
    resolution: {integrity: sha512-Y7/KDsb8LjooZpwaqGyulO6DQlksgCncchHGk+sZIY4SBvUocMBEFH5Ur1fI4dV+Jvl0w6cjvucaIi40puRioA==}
    engines: {node: '>=10'}
    hasBin: true

  tree-sitter-cli@0.26.11:
    resolution: {integrity: sha512-/hRCA0Ehkgk6B5WTYSiENk1R2Zv3LJcfvL3wjofzx+EYaKySZDu0agGRQcccay9Lg7wxJWsDa9cTRS92wsM5gQ==}
    engines: {node: '>=12.0.0'}
    hasBin: true

  walk-up-path@4.0.0:
    resolution: {integrity: sha512-3hu+tD8YzSLGuFYtPRb48vdhKMi0KQV5sn+uWr8+7dMEq/2G/dtLrdDinkLjqq5TIbIBjYJ4Ax/n3YiaW7QM8A==}
    engines: {node: 20 || >=22}

snapshots:

  '@conventional-changelog/git-client@3.1.0(conventional-commits-filter@6.0.1)(conventional-commits-parser@7.1.0)':
    dependencies:
      '@simple-libs/child-process-utils': 2.0.0
      '@simple-libs/stream-utils': 2.0.0
      semver: 7.8.5
    optionalDependencies:
      conventional-commits-filter: 6.0.1
      conventional-commits-parser: 7.1.0

  '@conventional-changelog/template@1.2.1': {}

  '@simple-libs/child-process-utils@2.0.0':
    dependencies:
      '@simple-libs/stream-utils': 2.0.0

  '@simple-libs/hosted-git-info@2.0.0': {}

  '@simple-libs/normalize-package-data@1.0.0':
    dependencies:
      '@simple-libs/hosted-git-info': 2.0.0
      semver: 7.8.5

  '@simple-libs/stream-utils@2.0.0': {}

  argue-cli@3.1.0: {}

  conventional-changelog-conventionalcommits@10.2.1:
    dependencies:
      '@conventional-changelog/template': 1.2.1

  conventional-changelog-preset-loader@6.0.1: {}

  conventional-changelog-writer@9.2.0:
    dependencies:
      '@conventional-changelog/template': 1.2.1
      '@simple-libs/stream-utils': 2.0.0
      argue-cli: 3.1.0
      conventional-commits-filter: 6.0.1
      semver: 7.8.5

  conventional-changelog@8.1.0(conventional-commits-filter@6.0.1):
    dependencies:
      '@conventional-changelog/git-client': 3.1.0(conventional-commits-filter@6.0.1)(conventional-commits-parser@7.1.0)
      '@simple-libs/hosted-git-info': 2.0.0
      '@simple-libs/normalize-package-data': 1.0.0
      argue-cli: 3.1.0
      conventional-changelog-preset-loader: 6.0.1
      conventional-changelog-writer: 9.2.0
      conventional-commits-parser: 7.1.0
      fd-package-json: 2.0.0
    transitivePeerDependencies:
      - conventional-commits-filter

  conventional-commits-filter@6.0.1: {}

  conventional-commits-parser@7.1.0:
    dependencies:
      '@simple-libs/stream-utils': 2.0.0
      argue-cli: 3.1.0

  fd-package-json@2.0.0:
    dependencies:
      walk-up-path: 4.0.0

  semver@7.8.5: {}

  tree-sitter-cli@0.26.11: {}

  walk-up-path@4.0.0: {}
